
Microsoft Visual Studio Solution File, Format Version 12.00
# Visual Studio Version 17
VisualStudioVersion = 17.9.34714.143
MinimumVisualStudioVersion = 10.0.40219.1
Project("{8BC9CEB8-8B4A-11D0-8D11-00A0C91BC942}") = "OS05_01", "OS05_01\OS05_01.vcxproj", "{6A66C9D4-39C7-467B-82D7-1D957FFCDCBA}"
EndProject
Project("{FAE04EC0-301F-11D3-BF4B-00C04F79EFBC}") = "OS05_02", "OS05_02\OS05_02.csproj", "{B8963712-71AC-4C94-B86B-75B0A015FE64}"
EndProject
Project("{FAE04EC0-301F-11D3-BF4B-00C04F79EFBC}") = "OS05_03", "OS05_03\OS05_03.csproj", "{1EA60EF1-9B3D-453C-B9B0-128917B13CBC}"
EndProject
Project("{8BC9CEB8-8B4A-11D0-8D11-00A0C91BC942}") = "OS05_04", "OS05_04\OS05_04.vcxproj", "{D95239E9-CF67-4206-9C4D-49B8D285142A}"
EndProject
Project("{8BC9CEB8-8B4A-11D0-8D11-00A0C91BC942}") = "OS05_05", "OS05_05\OS05_05.vcxproj", "{54658B83-5975-4F0B-A411-6C62E3F9D8A8}"
EndProject
Global
	GlobalSection(SolutionConfigurationPlatforms) = preSolution
		Debug|Any CPU = Debug|Any CPU
		Debug|x64 = Debug|x64
		Debug|x86 = Debug|x86
		Release|Any CPU = Release|Any CPU
		Release|x64 = Release|x64
		Release|x86 = Release|x86
	EndGlobalSection
	GlobalSection(ProjectConfigurationPlatforms) = postSolution
		{6A66C9D4-39C7-467B-82D7-1D957FFCDCBA}.Debug|Any CPU.ActiveCfg = Debug|x64
		{6A66C9D4-39C7-467B-82D7-1D957FFCDCBA}.Debug|Any CPU.Build.0 = Debug|x64
		{6A66C9D4-39C7-467B-82D7-1D957FFCDCBA}.Debug|x64.ActiveCfg = Debug|x64
		{6A66C9D4-39C7-467B-82D7-1D957FFCDCBA}.Debug|x64.Build.0 = Debug|x64
		{6A66C9D4-39C7-467B-82D7-1D957FFCDCBA}.Debug|x86.ActiveCfg = Debug|Win32
		{6A66C9D4-39C7-467B-82D7-1D957FFCDCBA}.Debug|x86.Build.0 = Debug|Win32
		{6A66C9D4-39C7-467B-82D7-1D957FFCDCBA}.Release|Any CPU.ActiveCfg = Release|x64
		{6A66C9D4-39C7-467B-82D7-1D957FFCDCBA}.Release|Any CPU.Build.0 = Release|x64
		{6A66C9D4-39C7-467B-82D7-1D957FFCDCBA}.Release|x64.ActiveCfg = Release|x64
		{6A66C9D4-39C7-467B-82D7-1D957FFCDCBA}.Release|x64.Build.0 = Release|x64
		{6A66C9D4-39C7-467B-82D7-1D957FFCDCBA}.Release|x86.ActiveCfg = Release|Win32
		{6A66C9D4-39C7-467B-82D7-1D957FFCDCBA}.Release|x86.Build.0 = Release|Win32
		{B8963712-71AC-4C94-B86B-75B0A015FE64}.Debug|Any CPU.ActiveCfg = Debug|Any CPU
		{B8963712-71AC-4C94-B86B-75B0A015FE64}.Debug|Any CPU.Build.0 = Debug|Any CPU
		{B8963712-71AC-4C94-B86B-75B0A015FE64}.Debug|x64.ActiveCfg = Debug|Any CPU
		{B8963712-71AC-4C94-B86B-75B0A015FE64}.Debug|x64.Build.0 = Debug|Any CPU
		{B8963712-71AC-4C94-B86B-75B0A015FE64}.Debug|x86.ActiveCfg = Debug|Any CPU
		{B8963712-71AC-4C94-B86B-75B0A015FE64}.Debug|x86.Build.0 = Debug|Any CPU
		{B8963712-71AC-4C94-B86B-75B0A015FE64}.Release|Any CPU.ActiveCfg = Release|Any CPU
		{B8963712-71AC-4C94-B86B-75B0A015FE64}.Release|Any CPU.Build.0 = Release|Any CPU
		{B8963712-71AC-4C94-B86B-75B0A015FE64}.Release|x64.ActiveCfg = Release|Any CPU
		{B8963712-71AC-4C94-B86B-75B0A015FE64}.Release|x64.Build.0 = Release|Any CPU
		{B8963712-71AC-4C94-B86B-75B0A015FE64}.Release|x86.ActiveCfg = Release|Any CPU
		{B8963712-71AC-4C94-B86B-75B0A015FE64}.Release|x86.Build.0 = Release|Any CPU
		{1EA60EF1-9B3D-453C-B9B0-128917B13CBC}.Debug|Any CPU.ActiveCfg = Debug|Any CPU
		{1EA60EF1-9B3D-453C-B9B0-128917B13CBC}.Debug|Any CPU.Build.0 = Debug|Any CPU
		{1EA60EF1-9B3D-453C-B9B0-128917B13CBC}.Debug|x64.ActiveCfg = Debug|Any CPU
		{1EA60EF1-9B3D-453C-B9B0-128917B13CBC}.Debug|x64.Build.0 = Debug|Any CPU
		{1EA60EF1-9B3D-453C-B9B0-128917B13CBC}.Debug|x86.ActiveCfg = Debug|Any CPU
		{1EA60EF1-9B3D-453C-B9B0-128917B13CBC}.Debug|x86.Build.0 = Debug|Any CPU
		{1EA60EF1-9B3D-453C-B9B0-128917B13CBC}.Release|Any CPU.ActiveCfg = Release|Any CPU
		{1EA60EF1-9B3D-453C-B9B0-128917B13CBC}.Release|Any CPU.Build.0 = Release|Any CPU
		{1EA60EF1-9B3D-453C-B9B0-128917B13CBC}.Release|x64.ActiveCfg = Release|Any CPU
		{1EA60EF1-9B3D-453C-B9B0-128917B13CBC}.Release|x64.Build.0 = Release|Any CPU
		{1EA60EF1-9B3D-453C-B9B0-128917B13CBC}.Release|x86.ActiveCfg = Release|Any CPU
		{1EA60EF1-9B3D-453C-B9B0-128917B13CBC}.Release|x86.Build.0 = Release|Any CPU
		{D95239E9-CF67-4206-9C4D-49B8D285142A}.Debug|Any CPU.ActiveCfg = Debug|x64
		{D95239E9-CF67-4206-9C4D-49B8D285142A}.Debug|Any CPU.Build.0 = Debug|x64
		{D95239E9-CF67-4206-9C4D-49B8D285142A}.Debug|x64.ActiveCfg = Debug|x64
		{D95239E9-CF67-4206-9C4D-49B8D285142A}.Debug|x64.Build.0 = Debug|x64
		{D95239E9-CF67-4206-9C4D-49B8D285142A}.Debug|x86.ActiveCfg = Debug|Win32
		{D95239E9-CF67-4206-9C4D-49B8D285142A}.Debug|x86.Build.0 = Debug|Win32
		{D95239E9-CF67-4206-9C4D-49B8D285142A}.Release|Any CPU.ActiveCfg = Release|x64
		{D95239E9-CF67-4206-9C4D-49B8D285142A}.Release|Any CPU.Build.0 = Release|x64
		{D95239E9-CF67-4206-9C4D-49B8D285142A}.Release|x64.ActiveCfg = Release|x64
		{D95239E9-CF67-4206-9C4D-49B8D285142A}.Release|x64.Build.0 = Release|x64
		{D95239E9-CF67-4206-9C4D-49B8D285142A}.Release|x86.ActiveCfg = Release|Win32
		{D95239E9-CF67-4206-9C4D-49B8D285142A}.Release|x86.Build.0 = Release|Win32
		{54658B83-5975-4F0B-A411-6C62E3F9D8A8}.Debug|Any CPU.ActiveCfg = Debug|x64
		{54658B83-5975-4F0B-A411-6C62E3F9D8A8}.Debug|Any CPU.Build.0 = Debug|x64
		{54658B83-5975-4F0B-A411-6C62E3F9D8A8}.Debug|x64.ActiveCfg = Debug|x64
		{54658B83-5975-4F0B-A411-6C62E3F9D8A8}.Debug|x64.Build.0 = Debug|x64
		{54658B83-5975-4F0B-A411-6C62E3F9D8A8}.Debug|x86.ActiveCfg = Debug|Win32
		{54658B83-5975-4F0B-A411-6C62E3F9D8A8}.Debug|x86.Build.0 = Debug|Win32
		{54658B83-5975-4F0B-A411-6C62E3F9D8A8}.Release|Any CPU.ActiveCfg = Release|x64
		{54658B83-5975-4F0B-A411-6C62E3F9D8A8}.Release|Any CPU.Build.0 = Release|x64
		{54658B83-5975-4F0B-A411-6C62E3F9D8A8}.Release|x64.ActiveCfg = Release|x64
		{54658B83-5975-4F0B-A411-6C62E3F9D8A8}.Release|x64.Build.0 = Release|x64
		{54658B83-5975-4F0B-A411-6C62E3F9D8A8}.Release|x86.ActiveCfg = Release|Win32
		{54658B83-5975-4F0B-A411-6C62E3F9D8A8}.Release|x86.Build.0 = Release|Win32
	EndGlobalSection
	GlobalSection(SolutionProperties) = preSolution
		HideSolutionNode = FALSE
	EndGlobalSection
	GlobalSection(ExtensibilityGlobals) = postSolution
		SolutionGuid = {88AD4302-DB0F-4D57-B938-21F5524BF424}
	EndGlobalSection
EndGlobal
