
Microsoft Visual Studio Solution File, Format Version 12.00
# Visual Studio Version 17
VisualStudioVersion = 17.9.34714.143
MinimumVisualStudioVersion = 10.0.40219.1
Project("{8BC9CEB8-8B4A-11D0-8D11-00A0C91BC942}") = "OS04_01", "OS04_01\OS04_01.vcxproj", "{46E486B5-6B3E-4DA7-BEAA-7D7FC7DFC066}"
EndProject
Project("{8BC9CEB8-8B4A-11D0-8D11-00A0C91BC942}") = "OS04_02", "OS04_02\OS04_02.vcxproj", "{B42EDE27-9A19-4568-943C-4319115B4C23}"
EndProject
Project("{8BC9CEB8-8B4A-11D0-8D11-00A0C91BC942}") = "OS04_03", "OS04_03\OS04_03.vcxproj", "{4BA3661B-581A-4DC4-BBF3-874AC59E9054}"
EndProject
Project("{FAE04EC0-301F-11D3-BF4B-00C04F79EFBC}") = "OS04_04", "OS04_04\OS04_04.csproj", "{AAC003F8-A31E-4A03-8A99-685A9483F185}"
EndProject
Project("{FAE04EC0-301F-11D3-BF4B-00C04F79EFBC}") = "OS04_05", "OS04_05\OS04_05.csproj", "{E979E804-4C6E-46C2-9466-8B1A143472AD}"
EndProject
Project("{FAE04EC0-301F-11D3-BF4B-00C04F79EFBC}") = "OS04_06", "OS04_06\OS04_06.csproj", "{B9DEA18D-D954-48E6-A5E0-0AA0CE5DA45A}"
EndProject
Project("{FAE04EC0-301F-11D3-BF4B-00C04F79EFBC}") = "OS04_07", "OS04_07\OS04_07.csproj", "{11992A07-D1FE-4D21-9F42-9C93B4371A1E}"
EndProject
Project("{FAE04EC0-301F-11D3-BF4B-00C04F79EFBC}") = "OS04_08", "OS04_08\OS04_08.csproj", "{BAD68064-0BAE-4E4C-8D1F-E81E219D79F2}"
EndProject
Project("{FAE04EC0-301F-11D3-BF4B-00C04F79EFBC}") = "OS04_09", "OS04_09\OS04_09.csproj", "{C169DE39-9D73-4613-84E6-D08180718DCC}"
EndProject
Project("{FAE04EC0-301F-11D3-BF4B-00C04F79EFBC}") = "OS04_10", "OS04_10\OS04_10.csproj", "{A25FD9B7-1C53-437D-AE15-A0271D433948}"
EndProject
Project("{8BC9CEB8-8B4A-11D0-8D11-00A0C91BC942}") = "OS04_11", "OS04_11\OS04_11.vcxproj", "{00F44DB0-4136-41AC-A84C-0D3CE73E053C}"
EndProject
Global
	GlobalSection(SolutionConfigurationPlatforms) = preSolution
		Debug|Any CPU = Debug|Any CPU
		Debug|x64 = Debug|x64
		Debug|x86 = Debug|x86
		Release|Any CPU = Release|Any CPU
		Release|x64 = Release|x64
		Release|x86 = Release|x86
	EndGlobalSection
	GlobalSection(ProjectConfigurationPlatforms) = postSolution
		{46E486B5-6B3E-4DA7-BEAA-7D7FC7DFC066}.Debug|Any CPU.ActiveCfg = Debug|x64
		{46E486B5-6B3E-4DA7-BEAA-7D7FC7DFC066}.Debug|Any CPU.Build.0 = Debug|x64
		{46E486B5-6B3E-4DA7-BEAA-7D7FC7DFC066}.Debug|x64.ActiveCfg = Debug|x64
		{46E486B5-6B3E-4DA7-BEAA-7D7FC7DFC066}.Debug|x64.Build.0 = Debug|x64
		{46E486B5-6B3E-4DA7-BEAA-7D7FC7DFC066}.Debug|x86.ActiveCfg = Debug|Win32
		{46E486B5-6B3E-4DA7-BEAA-7D7FC7DFC066}.Debug|x86.Build.0 = Debug|Win32
		{46E486B5-6B3E-4DA7-BEAA-7D7FC7DFC066}.Release|Any CPU.ActiveCfg = Release|x64
		{46E486B5-6B3E-4DA7-BEAA-7D7FC7DFC066}.Release|Any CPU.Build.0 = Release|x64
		{46E486B5-6B3E-4DA7-BEAA-7D7FC7DFC066}.Release|x64.ActiveCfg = Release|x64
		{46E486B5-6B3E-4DA7-BEAA-7D7FC7DFC066}.Release|x64.Build.0 = Release|x64
		{46E486B5-6B3E-4DA7-BEAA-7D7FC7DFC066}.Release|x86.ActiveCfg = Release|Win32
		{46E486B5-6B3E-4DA7-BEAA-7D7FC7DFC066}.Release|x86.Build.0 = Release|Win32
		{B42EDE27-9A19-4568-943C-4319115B4C23}.Debug|Any CPU.ActiveCfg = Debug|x64
		{B42EDE27-9A19-4568-943C-4319115B4C23}.Debug|Any CPU.Build.0 = Debug|x64
		{B42EDE27-9A19-4568-943C-4319115B4C23}.Debug|x64.ActiveCfg = Debug|x64
		{B42EDE27-9A19-4568-943C-4319115B4C23}.Debug|x64.Build.0 = Debug|x64
		{B42EDE27-9A19-4568-943C-4319115B4C23}.Debug|x86.ActiveCfg = Debug|Win32
		{B42EDE27-9A19-4568-943C-4319115B4C23}.Debug|x86.Build.0 = Debug|Win32
		{B42EDE27-9A19-4568-943C-4319115B4C23}.Release|Any CPU.ActiveCfg = Release|x64
		{B42EDE27-9A19-4568-943C-4319115B4C23}.Release|Any CPU.Build.0 = Release|x64
		{B42EDE27-9A19-4568-943C-4319115B4C23}.Release|x64.ActiveCfg = Release|x64
		{B42EDE27-9A19-4568-943C-4319115B4C23}.Release|x64.Build.0 = Release|x64
		{B42EDE27-9A19-4568-943C-4319115B4C23}.Release|x86.ActiveCfg = Release|Win32
		{B42EDE27-9A19-4568-943C-4319115B4C23}.Release|x86.Build.0 = Release|Win32
		{4BA3661B-581A-4DC4-BBF3-874AC59E9054}.Debug|Any CPU.ActiveCfg = Debug|x64
		{4BA3661B-581A-4DC4-BBF3-874AC59E9054}.Debug|Any CPU.Build.0 = Debug|x64
		{4BA3661B-581A-4DC4-BBF3-874AC59E9054}.Debug|x64.ActiveCfg = Debug|x64
		{4BA3661B-581A-4DC4-BBF3-874AC59E9054}.Debug|x64.Build.0 = Debug|x64
		{4BA3661B-581A-4DC4-BBF3-874AC59E9054}.Debug|x86.ActiveCfg = Debug|Win32
		{4BA3661B-581A-4DC4-BBF3-874AC59E9054}.Debug|x86.Build.0 = Debug|Win32
		{4BA3661B-581A-4DC4-BBF3-874AC59E9054}.Release|Any CPU.ActiveCfg = Release|x64
		{4BA3661B-581A-4DC4-BBF3-874AC59E9054}.Release|Any CPU.Build.0 = Release|x64
		{4BA3661B-581A-4DC4-BBF3-874AC59E9054}.Release|x64.ActiveCfg = Release|x64
		{4BA3661B-581A-4DC4-BBF3-874AC59E9054}.Release|x64.Build.0 = Release|x64
		{4BA3661B-581A-4DC4-BBF3-874AC59E9054}.Release|x86.ActiveCfg = Release|Win32
		{4BA3661B-581A-4DC4-BBF3-874AC59E9054}.Release|x86.Build.0 = Release|Win32
		{AAC003F8-A31E-4A03-8A99-685A9483F185}.Debug|Any CPU.ActiveCfg = Debug|Any CPU
		{AAC003F8-A31E-4A03-8A99-685A9483F185}.Debug|Any CPU.Build.0 = Debug|Any CPU
		{AAC003F8-A31E-4A03-8A99-685A9483F185}.Debug|x64.ActiveCfg = Debug|Any CPU
		{AAC003F8-A31E-4A03-8A99-685A9483F185}.Debug|x64.Build.0 = Debug|Any CPU
		{AAC003F8-A31E-4A03-8A99-685A9483F185}.Debug|x86.ActiveCfg = Debug|Any CPU
		{AAC003F8-A31E-4A03-8A99-685A9483F185}.Debug|x86.Build.0 = Debug|Any CPU
		{AAC003F8-A31E-4A03-8A99-685A9483F185}.Release|Any CPU.ActiveCfg = Release|Any CPU
		{AAC003F8-A31E-4A03-8A99-685A9483F185}.Release|Any CPU.Build.0 = Release|Any CPU
		{AAC003F8-A31E-4A03-8A99-685A9483F185}.Release|x64.ActiveCfg = Release|Any CPU
		{AAC003F8-A31E-4A03-8A99-685A9483F185}.Release|x64.Build.0 = Release|Any CPU
		{AAC003F8-A31E-4A03-8A99-685A9483F185}.Release|x86.ActiveCfg = Release|Any CPU
		{AAC003F8-A31E-4A03-8A99-685A9483F185}.Release|x86.Build.0 = Release|Any CPU
		{E979E804-4C6E-46C2-9466-8B1A143472AD}.Debug|Any CPU.ActiveCfg = Debug|Any CPU
		{E979E804-4C6E-46C2-9466-8B1A143472AD}.Debug|Any CPU.Build.0 = Debug|Any CPU
		{E979E804-4C6E-46C2-9466-8B1A143472AD}.Debug|x64.ActiveCfg = Debug|Any CPU
		{E979E804-4C6E-46C2-9466-8B1A143472AD}.Debug|x64.Build.0 = Debug|Any CPU
		{E979E804-4C6E-46C2-9466-8B1A143472AD}.Debug|x86.ActiveCfg = Debug|Any CPU
		{E979E804-4C6E-46C2-9466-8B1A143472AD}.Debug|x86.Build.0 = Debug|Any CPU
		{E979E804-4C6E-46C2-9466-8B1A143472AD}.Release|Any CPU.ActiveCfg = Release|Any CPU
		{E979E804-4C6E-46C2-9466-8B1A143472AD}.Release|Any CPU.Build.0 = Release|Any CPU
		{E979E804-4C6E-46C2-9466-8B1A143472AD}.Release|x64.ActiveCfg = Release|Any CPU
		{E979E804-4C6E-46C2-9466-8B1A143472AD}.Release|x64.Build.0 = Release|Any CPU
		{E979E804-4C6E-46C2-9466-8B1A143472AD}.Release|x86.ActiveCfg = Release|Any CPU
		{E979E804-4C6E-46C2-9466-8B1A143472AD}.Release|x86.Build.0 = Release|Any CPU
		{B9DEA18D-D954-48E6-A5E0-0AA0CE5DA45A}.Debug|Any CPU.ActiveCfg = Debug|Any CPU
		{B9DEA18D-D954-48E6-A5E0-0AA0CE5DA45A}.Debug|Any CPU.Build.0 = Debug|Any CPU
		{B9DEA18D-D954-48E6-A5E0-0AA0CE5DA45A}.Debug|x64.ActiveCfg = Debug|Any CPU
		{B9DEA18D-D954-48E6-A5E0-0AA0CE5DA45A}.Debug|x64.Build.0 = Debug|Any CPU
		{B9DEA18D-D954-48E6-A5E0-0AA0CE5DA45A}.Debug|x86.ActiveCfg = Debug|Any CPU
		{B9DEA18D-D954-48E6-A5E0-0AA0CE5DA45A}.Debug|x86.Build.0 = Debug|Any CPU
		{B9DEA18D-D954-48E6-A5E0-0AA0CE5DA45A}.Release|Any CPU.ActiveCfg = Release|Any CPU
		{B9DEA18D-D954-48E6-A5E0-0AA0CE5DA45A}.Release|Any CPU.Build.0 = Release|Any CPU
		{B9DEA18D-D954-48E6-A5E0-0AA0CE5DA45A}.Release|x64.ActiveCfg = Release|Any CPU
		{B9DEA18D-D954-48E6-A5E0-0AA0CE5DA45A}.Release|x64.Build.0 = Release|Any CPU
		{B9DEA18D-D954-48E6-A5E0-0AA0CE5DA45A}.Release|x86.ActiveCfg = Release|Any CPU
		{B9DEA18D-D954-48E6-A5E0-0AA0CE5DA45A}.Release|x86.Build.0 = Release|Any CPU
		{11992A07-D1FE-4D21-9F42-9C93B4371A1E}.Debug|Any CPU.ActiveCfg = Debug|Any CPU
		{11992A07-D1FE-4D21-9F42-9C93B4371A1E}.Debug|Any CPU.Build.0 = Debug|Any CPU
		{11992A07-D1FE-4D21-9F42-9C93B4371A1E}.Debug|x64.ActiveCfg = Debug|Any CPU
		{11992A07-D1FE-4D21-9F42-9C93B4371A1E}.Debug|x64.Build.0 = Debug|Any CPU
		{11992A07-D1FE-4D21-9F42-9C93B4371A1E}.Debug|x86.ActiveCfg = Debug|Any CPU
		{11992A07-D1FE-4D21-9F42-9C93B4371A1E}.Debug|x86.Build.0 = Debug|Any CPU
		{11992A07-D1FE-4D21-9F42-9C93B4371A1E}.Release|Any CPU.ActiveCfg = Release|Any CPU
		{11992A07-D1FE-4D21-9F42-9C93B4371A1E}.Release|Any CPU.Build.0 = Release|Any CPU
		{11992A07-D1FE-4D21-9F42-9C93B4371A1E}.Release|x64.ActiveCfg = Release|Any CPU
		{11992A07-D1FE-4D21-9F42-9C93B4371A1E}.Release|x64.Build.0 = Release|Any CPU
		{11992A07-D1FE-4D21-9F42-9C93B4371A1E}.Release|x86.ActiveCfg = Release|Any CPU
		{11992A07-D1FE-4D21-9F42-9C93B4371A1E}.Release|x86.Build.0 = Release|Any CPU
		{BAD68064-0BAE-4E4C-8D1F-E81E219D79F2}.Debug|Any CPU.ActiveCfg = Debug|Any CPU
		{BAD68064-0BAE-4E4C-8D1F-E81E219D79F2}.Debug|Any CPU.Build.0 = Debug|Any CPU
		{BAD68064-0BAE-4E4C-8D1F-E81E219D79F2}.Debug|x64.ActiveCfg = Debug|Any CPU
		{BAD68064-0BAE-4E4C-8D1F-E81E219D79F2}.Debug|x64.Build.0 = Debug|Any CPU
		{BAD68064-0BAE-4E4C-8D1F-E81E219D79F2}.Debug|x86.ActiveCfg = Debug|Any CPU
		{BAD68064-0BAE-4E4C-8D1F-E81E219D79F2}.Debug|x86.Build.0 = Debug|Any CPU
		{BAD68064-0BAE-4E4C-8D1F-E81E219D79F2}.Release|Any CPU.ActiveCfg = Release|Any CPU
		{BAD68064-0BAE-4E4C-8D1F-E81E219D79F2}.Release|Any CPU.Build.0 = Release|Any CPU
		{BAD68064-0BAE-4E4C-8D1F-E81E219D79F2}.Release|x64.ActiveCfg = Release|Any CPU
		{BAD68064-0BAE-4E4C-8D1F-E81E219D79F2}.Release|x64.Build.0 = Release|Any CPU
		{BAD68064-0BAE-4E4C-8D1F-E81E219D79F2}.Release|x86.ActiveCfg = Release|Any CPU
		{BAD68064-0BAE-4E4C-8D1F-E81E219D79F2}.Release|x86.Build.0 = Release|Any CPU
		{C169DE39-9D73-4613-84E6-D08180718DCC}.Debug|Any CPU.ActiveCfg = Debug|Any CPU
		{C169DE39-9D73-4613-84E6-D08180718DCC}.Debug|Any CPU.Build.0 = Debug|Any CPU
		{C169DE39-9D73-4613-84E6-D08180718DCC}.Debug|x64.ActiveCfg = Debug|Any CPU
		{C169DE39-9D73-4613-84E6-D08180718DCC}.Debug|x64.Build.0 = Debug|Any CPU
		{C169DE39-9D73-4613-84E6-D08180718DCC}.Debug|x86.ActiveCfg = Debug|Any CPU
		{C169DE39-9D73-4613-84E6-D08180718DCC}.Debug|x86.Build.0 = Debug|Any CPU
		{C169DE39-9D73-4613-84E6-D08180718DCC}.Release|Any CPU.ActiveCfg = Release|Any CPU
		{C169DE39-9D73-4613-84E6-D08180718DCC}.Release|Any CPU.Build.0 = Release|Any CPU
		{C169DE39-9D73-4613-84E6-D08180718DCC}.Release|x64.ActiveCfg = Release|Any CPU
		{C169DE39-9D73-4613-84E6-D08180718DCC}.Release|x64.Build.0 = Release|Any CPU
		{C169DE39-9D73-4613-84E6-D08180718DCC}.Release|x86.ActiveCfg = Release|Any CPU
		{C169DE39-9D73-4613-84E6-D08180718DCC}.Release|x86.Build.0 = Release|Any CPU
		{A25FD9B7-1C53-437D-AE15-A0271D433948}.Debug|Any CPU.ActiveCfg = Debug|Any CPU
		{A25FD9B7-1C53-437D-AE15-A0271D433948}.Debug|Any CPU.Build.0 = Debug|Any CPU
		{A25FD9B7-1C53-437D-AE15-A0271D433948}.Debug|x64.ActiveCfg = Debug|Any CPU
		{A25FD9B7-1C53-437D-AE15-A0271D433948}.Debug|x64.Build.0 = Debug|Any CPU
		{A25FD9B7-1C53-437D-AE15-A0271D433948}.Debug|x86.ActiveCfg = Debug|Any CPU
		{A25FD9B7-1C53-437D-AE15-A0271D433948}.Debug|x86.Build.0 = Debug|Any CPU
		{A25FD9B7-1C53-437D-AE15-A0271D433948}.Release|Any CPU.ActiveCfg = Release|Any CPU
		{A25FD9B7-1C53-437D-AE15-A0271D433948}.Release|Any CPU.Build.0 = Release|Any CPU
		{A25FD9B7-1C53-437D-AE15-A0271D433948}.Release|x64.ActiveCfg = Release|Any CPU
		{A25FD9B7-1C53-437D-AE15-A0271D433948}.Release|x64.Build.0 = Release|Any CPU
		{A25FD9B7-1C53-437D-AE15-A0271D433948}.Release|x86.ActiveCfg = Release|Any CPU
		{A25FD9B7-1C53-437D-AE15-A0271D433948}.Release|x86.Build.0 = Release|Any CPU
		{00F44DB0-4136-41AC-A84C-0D3CE73E053C}.Debug|Any CPU.ActiveCfg = Debug|x64
		{00F44DB0-4136-41AC-A84C-0D3CE73E053C}.Debug|Any CPU.Build.0 = Debug|x64
		{00F44DB0-4136-41AC-A84C-0D3CE73E053C}.Debug|x64.ActiveCfg = Debug|x64
		{00F44DB0-4136-41AC-A84C-0D3CE73E053C}.Debug|x64.Build.0 = Debug|x64
		{00F44DB0-4136-41AC-A84C-0D3CE73E053C}.Debug|x86.ActiveCfg = Debug|Win32
		{00F44DB0-4136-41AC-A84C-0D3CE73E053C}.Debug|x86.Build.0 = Debug|Win32
		{00F44DB0-4136-41AC-A84C-0D3CE73E053C}.Release|Any CPU.ActiveCfg = Release|x64
		{00F44DB0-4136-41AC-A84C-0D3CE73E053C}.Release|Any CPU.Build.0 = Release|x64
		{00F44DB0-4136-41AC-A84C-0D3CE73E053C}.Release|x64.ActiveCfg = Release|x64
		{00F44DB0-4136-41AC-A84C-0D3CE73E053C}.Release|x64.Build.0 = Release|x64
		{00F44DB0-4136-41AC-A84C-0D3CE73E053C}.Release|x86.ActiveCfg = Release|Win32
		{00F44DB0-4136-41AC-A84C-0D3CE73E053C}.Release|x86.Build.0 = Release|Win32
	EndGlobalSection
	GlobalSection(SolutionProperties) = preSolution
		HideSolutionNode = FALSE
	EndGlobalSection
	GlobalSection(ExtensibilityGlobals) = postSolution
		SolutionGuid = {F8805D47-5789-4F1A-A9CC-D52F8933AEB6}
	EndGlobalSection
EndGlobal
