{
  "name": "m0603bluebox",
  "version": "1.4.2",
  "lockfileVersion": 3,
  "requires": true,
  "packages": {
    "": {
      "name": "m0603bluebox",
      "version": "1.4.2",
      "license": "ISC",
      "dependencies": {
        "gor_anastasii_lab6": "^1.0.0",
        "nodemailer": "^6.9.16"
      }
    },
    "node_modules/gor_anastasii_lab6": {
      "version": "1.0.0",
      "resolved": "https://registry.npmjs.org/gor_anastasii_lab6/-/gor_anastasii_lab6-1.0.0.tgz",
      "integrity": "sha512-TZfp7S78b6H7l3Qm4C7s6rtoVApqV2a9Tlj8P/DLSpmksVspvJmLd10fDWYF4g9FZoZ0OGtNqA2xwKSjsMWP3g==",
      "license": "ISC"
    },
    "node_modules/nodemailer": {
      "version": "6.9.16",
      "resolved": "https://registry.npmjs.org/nodemailer/-/nodemailer-6.9.16.tgz",
      "integrity": "sha512-psAuZdTIRN08HKVd/E8ObdV6NO7NTBY3KsC30F7M4H1OnmLCUNaS56FpYxyb26zWLSyYF9Ozch9KYHhHegsiOQ==",
      "license": "MIT-0",
      "engines": {
        "node": ">=6.0.0"
      }
    }
  }
}
